# THIS IS AN AUTOGENERATED FILE. DO NOT EDIT THIS FILE DIRECTLY.
# yarn lockfile v1


"@algolia/cache-browser-local-storage@4.10.3":
  version "4.10.3"
  resolved "https://registry.yarnpkg.com/@algolia/cache-browser-local-storage/-/cache-browser-local-storage-4.10.3.tgz#3bf81e0f66a4a1079a75914a987eb1ef432c7c68"
  integrity sha512-TD1N7zg5lb56/PLjjD4bBl2eccEvVHhC7yfgFu2r9k5tf+gvbGxEZ3NhRZVKu2MObUIcEy2VR4LVLxOQu45Hlg==
  dependencies:
    "@algolia/cache-common" "4.10.3"

"@algolia/cache-common@4.10.3":
  version "4.10.3"
  resolved "https://registry.yarnpkg.com/@algolia/cache-common/-/cache-common-4.10.3.tgz#311b2b5ae06d55300f4230944c99bc39ad15847d"
  integrity sha512-q13cPPUmtf8a2suBC4kySSr97EyulSXuxUkn7l1tZUCX/k1y5KNheMp8npBy8Kc8gPPmHpacxddRSfOncjiKFw==

"@algolia/cache-in-memory@4.10.3":
  version "4.10.3"
  resolved "https://registry.yarnpkg.com/@algolia/cache-in-memory/-/cache-in-memory-4.10.3.tgz#697e4994538426272ea29ccf2b32b46ea4c48862"
  integrity sha512-JhPajhOXAjUP+TZrZTh6KJpF5VKTKyWK2aR1cD8NtrcVHwfGS7fTyfXfVm5BqBqkD9U0gVvufUt/mVyI80aZww==
  dependencies:
    "@algolia/cache-common" "4.10.3"

"@algolia/client-account@4.10.3":
  version "4.10.3"
  resolved "https://registry.yarnpkg.com/@algolia/client-account/-/client-account-4.10.3.tgz#f2cbefb1abce74c341115607d6af199df1b056ae"
  integrity sha512-S/IsJB4s+e1xYctdpW3nAbwrR2y3pjSo9X21fJGoiGeIpTRdvQG7nydgsLkhnhcgAdLnmqBapYyAqMGmlcyOkg==
  dependencies:
    "@algolia/client-common" "4.10.3"
    "@algolia/client-search" "4.10.3"
    "@algolia/transporter" "4.10.3"

"@algolia/client-analytics@4.10.3":
  version "4.10.3"
  resolved "https://registry.yarnpkg.com/@algolia/client-analytics/-/client-analytics-4.10.3.tgz#43d934ef8df0cf551c78e6b2e9f2452e7fb27d93"
  integrity sha512-vlHTbBqJktRgclh3v7bPQLfZvFIqY4erNFIZA5C7nisCj9oLeTgzefoUrr+R90+I+XjfoLxnmoeigS1Z1yg1vw==
  dependencies:
    "@algolia/client-common" "4.10.3"
    "@algolia/client-search" "4.10.3"
    "@algolia/requester-common" "4.10.3"
    "@algolia/transporter" "4.10.3"

"@algolia/client-common@4.10.3":
  version "4.10.3"
  resolved "https://registry.yarnpkg.com/@algolia/client-common/-/client-common-4.10.3.tgz#c4257dd5c57c5c8ec4bd48a7b1897573e372d403"
  integrity sha512-uFyP2Z14jG2hsFRbAoavna6oJf4NTXaSDAZgouZUZlHlBp5elM38sjNeA5HR9/D9J/GjwaB1SgB7iUiIWYBB4w==
  dependencies:
    "@algolia/requester-common" "4.10.3"
    "@algolia/transporter" "4.10.3"

"@algolia/client-personalization@4.10.3":
  version "4.10.3"
  resolved "https://registry.yarnpkg.com/@algolia/client-personalization/-/client-personalization-4.10.3.tgz#58c800f90ab8ab4aa29abdf29a97e89e6bda419e"
  integrity sha512-NS7Nx8EJ/nduGXT8CFo5z7kLF0jnFehTP3eC+z+GOEESH3rrs7uR12IZHxv5QhQswZa9vl925zCOZDcDVoENCg==
  dependencies:
    "@algolia/client-common" "4.10.3"
    "@algolia/requester-common" "4.10.3"
    "@algolia/transporter" "4.10.3"

"@algolia/client-search@4.10.3":
  version "4.10.3"
  resolved "https://registry.yarnpkg.com/@algolia/client-search/-/client-search-4.10.3.tgz#aa6b02c2d528cb264830f276739b7f68b58988ef"
  integrity sha512-Zwnp2G94IrNFKWCG/k7epI5UswRkPvL9FCt7/slXe2bkjP2y/HA37gzRn+9tXoLVRwd7gBzrtOA4jFKIyjrtVw==
  dependencies:
    "@algolia/client-common" "4.10.3"
    "@algolia/requester-common" "4.10.3"
    "@algolia/transporter" "4.10.3"

"@algolia/logger-common@4.10.3":
  version "4.10.3"
  resolved "https://registry.yarnpkg.com/@algolia/logger-common/-/logger-common-4.10.3.tgz#6773d2e38581bf9ac57e2dda02f0c4f1bc72ce94"
  integrity sha512-M6xi+qov2bkgg1H9e1Qtvq/E/eKsGcgz8RBbXNzqPIYoDGZNkv+b3b8YMo3dxd4Wd6M24HU1iqF3kmr1LaXndg==

"@algolia/logger-console@4.10.3":
  version "4.10.3"
  resolved "https://registry.yarnpkg.com/@algolia/logger-console/-/logger-console-4.10.3.tgz#bd8bdc1f9dba89db37be25d673ac1f2e68de7913"
  integrity sha512-vVgRI7b4PHjgBdRkv/cRz490twvkLoGdpC4VYzIouSrKj8SIVLRhey3qgXk7oQXi3xoxVAv6NrklHfpO8Bpx0w==
  dependencies:
    "@algolia/logger-common" "4.10.3"

"@algolia/requester-browser-xhr@4.10.3":
  version "4.10.3"
  resolved "https://registry.yarnpkg.com/@algolia/requester-browser-xhr/-/requester-browser-xhr-4.10.3.tgz#81ae8f6caf562a28f96102f03da7f4b19bba568c"
  integrity sha512-4WIk1zreFbc1EF6+gsfBTQvwSNjWc20zJAAExRWql/Jq5yfVHmwOqi/CajA53/cXKFBqo80DAMRvOiwP+hOLYw==
  dependencies:
    "@algolia/requester-common" "4.10.3"

"@algolia/requester-common@4.10.3":
  version "4.10.3"
  resolved "https://registry.yarnpkg.com/@algolia/requester-common/-/requester-common-4.10.3.tgz#c3112393cff97be79863bc28de76f9c69b2f5a95"
  integrity sha512-PNfLHmg0Hujugs3rx55uz/ifv7b9HVdSFQDb2hj0O5xZaBEuQCNOXC6COrXR8+9VEfqp2swpg7zwgtqFxh+BtQ==

"@algolia/requester-node-http@4.10.3":
  version "4.10.3"
  resolved "https://registry.yarnpkg.com/@algolia/requester-node-http/-/requester-node-http-4.10.3.tgz#75ea7805ac0ba25a1124989d8632ef39c31441c1"
  integrity sha512-A9ZcGfEvgqf0luJApdNcIhsRh6MShn2zn2tbjwjGG1joF81w+HUY+BWuLZn56vGwAA9ZB9n00IoJJpxibbfofg==
  dependencies:
    "@algolia/requester-common" "4.10.3"

"@algolia/transporter@4.10.3":
  version "4.10.3"
  resolved "https://registry.yarnpkg.com/@algolia/transporter/-/transporter-4.10.3.tgz#0aeee752923957cffe63e4cf1c7a22ca48d96dde"
  integrity sha512-n1lRyKDbrckbMEgm7QXtj3nEWUuzA3aKLzVQ43/F/RCFib15j4IwtmYhXR6OIBRSc7+T0Hm48S0J6F+HeYCQkw==
  dependencies:
    "@algolia/cache-common" "4.10.3"
    "@algolia/logger-common" "4.10.3"
    "@algolia/requester-common" "4.10.3"

algoliasearch@^4.10.3:
  version "4.10.3"
  resolved "https://registry.yarnpkg.com/algoliasearch/-/algoliasearch-4.10.3.tgz#22df4bb02fbf13a765b18b85df8745ee9c04f00a"
  integrity sha512-OLY0AWlPKGLbSaw14ivMB7BT5fPdp8VdzY4L8FtzZnqmLKsyes24cltGlf7/X96ACkYEcT390SReCDt/9SUIRg==
  dependencies:
    "@algolia/cache-browser-local-storage" "4.10.3"
    "@algolia/cache-common" "4.10.3"
    "@algolia/cache-in-memory" "4.10.3"
    "@algolia/client-account" "4.10.3"
    "@algolia/client-analytics" "4.10.3"
    "@algolia/client-common" "4.10.3"
    "@algolia/client-personalization" "4.10.3"
    "@algolia/client-search" "4.10.3"
    "@algolia/logger-common" "4.10.3"
    "@algolia/logger-console" "4.10.3"
    "@algolia/requester-browser-xhr" "4.10.3"
    "@algolia/requester-common" "4.10.3"
    "@algolia/requester-node-http" "4.10.3"
    "@algolia/transporter" "4.10.3"

colorette@^1.2.2:
  version "1.2.2"
  resolved "https://registry.yarnpkg.com/colorette/-/colorette-1.2.2.tgz#cbcc79d5e99caea2dbf10eb3a26fd8b3e6acfa94"
  integrity sha512-MKGMzyfeuutC/ZJ1cba9NqcNpfeqMUcYmyF1ZFY6/Cn7CNSAKx6a+s48sqLqyAiZuaP2TcqMhoo+dlwFnVxT9w==

esbuild@^0.12.8:
  version "0.12.15"
  resolved "https://registry.yarnpkg.com/esbuild/-/esbuild-0.12.15.tgz#9d99cf39aeb2188265c5983e983e236829f08af0"
  integrity sha512-72V4JNd2+48eOVCXx49xoSWHgC3/cCy96e7mbXKY+WOWghN00cCmlGnwVLRhRHorvv0dgCyuMYBZlM2xDM5OQw==

fsevents@~2.3.2:
  version "2.3.2"
  resolved "https://registry.yarnpkg.com/fsevents/-/fsevents-2.3.2.tgz#8a526f78b8fdf4623b709e0b975c52c24c02fd1a"
  integrity sha512-xiqMQR4xAeHTuB9uWm+fFRcIOgKBMiOBP+eXiyT7jsgVCq1bkVygt00oASowB7EdtpOHaaPgKt812P9ab+DDKA==

function-bind@^1.1.1:
  version "1.1.1"
  resolved "https://registry.yarnpkg.com/function-bind/-/function-bind-1.1.1.tgz#a56899d3ea3c9bab874bb9773b7c5ede92f4895d"
  integrity sha512-yIovAzMX49sF8Yl58fSCWJ5svSLuaibPxXQJFLmBObTuCr0Mf1KiPopGM9NiFjiYBCbfaa2Fh6breQ6ANVTI0A==

has@^1.0.3:
  version "1.0.3"
  resolved "https://registry.yarnpkg.com/has/-/has-1.0.3.tgz#722d7cbfc1f6aa8241f16dd814e011e1f41e8796"
  integrity sha512-f2dvO0VU6Oej7RkWJGrehjbzMAjFp5/VKPp5tTpWIV4JHHZK1/BxbFRtf/siA2SWTe09caDmVtYYzWEIbBS4zw==
  dependencies:
    function-bind "^1.1.1"

is-core-module@^2.2.0:
  version "2.5.0"
  resolved "https://registry.yarnpkg.com/is-core-module/-/is-core-module-2.5.0.tgz#f754843617c70bfd29b7bd87327400cda5c18491"
  integrity sha512-TXCMSDsEHMEEZ6eCA8rwRDbLu55MRGmrctljsBX/2v1d9/GzqHOxW5c5oPSgrUt2vBFXebu9rGqckXGPWOlYpg==
  dependencies:
    has "^1.0.3"

nanoid@^3.1.23:
  version "3.1.23"
  resolved "https://registry.yarnpkg.com/nanoid/-/nanoid-3.1.23.tgz#f744086ce7c2bc47ee0a8472574d5c78e4183a81"
  integrity sha512-FiB0kzdP0FFVGDKlRLEQ1BgDzU87dy5NnzjeW9YZNt+/c3+q82EQDUwniSAUxp/F0gFNI1ZhKU1FqYsMuqZVnw==

path-parse@^1.0.6:
  version "1.0.7"
  resolved "https://registry.yarnpkg.com/path-parse/-/path-parse-1.0.7.tgz#fbc114b60ca42b30d9daf5858e4bd68bbedb6735"
  integrity sha512-LDJzPVEEEPR+y48z93A0Ed0yXb8pAByGWo/k5YYdYgpY2/2EsOsksJrq7lOHxryrVOn1ejG6oAp8ahvOIQD8sw==

postcss@^8.3.5:
  version "8.3.6"
  resolved "https://registry.yarnpkg.com/postcss/-/postcss-8.3.6.tgz#2730dd76a97969f37f53b9a6096197be311cc4ea"
  integrity sha512-wG1cc/JhRgdqB6WHEuyLTedf3KIRuD0hG6ldkFEZNCjRxiC+3i6kkWUUbiJQayP28iwG35cEmAbe98585BYV0A==
  dependencies:
    colorette "^1.2.2"
    nanoid "^3.1.23"
    source-map-js "^0.6.2"

resolve@^1.20.0:
  version "1.20.0"
  resolved "https://registry.yarnpkg.com/resolve/-/resolve-1.20.0.tgz#629a013fb3f70755d6f0b7935cc1c2c5378b1975"
  integrity sha512-wENBPt4ySzg4ybFQW2TT1zMQucPK95HSh/nq2CFTZVOGut2+pQvSsgtda4d26YrYcr067wjbmzOG8byDPBX63A==
  dependencies:
    is-core-module "^2.2.0"
    path-parse "^1.0.6"

rollup@^2.38.5:
  version "2.53.3"
  resolved "https://registry.yarnpkg.com/rollup/-/rollup-2.53.3.tgz#14b0e57f0874d4ad23bdbb13050cf70bcd1eabf7"
  integrity sha512-79QIGP5DXz5ZHYnCPi3tLz+elOQi6gudp9YINdaJdjG0Yddubo6JRFUM//qCZ0Bap/GJrsUoEBVdSOc4AkMlRA==
  optionalDependencies:
    fsevents "~2.3.2"

source-map-js@^0.6.2:
  version "0.6.2"
  resolved "https://registry.yarnpkg.com/source-map-js/-/source-map-js-0.6.2.tgz#0bb5de631b41cfbda6cfba8bd05a80efdfd2385e"
  integrity sha512-/3GptzWzu0+0MBQFrDKzw/DvvMTUORvgY6k6jd/VS6iCR4RDTKWH6v6WPwQoUO8667uQEf9Oe38DxAYWY5F/Ug==

typescript@^4.3.2:
  version "4.3.5"
  resolved "https://registry.yarnpkg.com/typescript/-/typescript-4.3.5.tgz#4d1c37cc16e893973c45a06886b7113234f119f4"
  integrity sha512-DqQgihaQ9cUrskJo9kIyW/+g0Vxsk8cDtZ52a3NGh0YNTfpUSArXSohyUGnvbPazEPLu398C0UxmKSOrPumUzA==

vite@^2.4.3:
  version "2.4.3"
  resolved "https://registry.yarnpkg.com/vite/-/vite-2.4.3.tgz#fe4aa78e9dd7d36bcb12eccbd52313b26cfadf77"
  integrity sha512-iT6NPeiUUZ2FkzC3eazytOEMRaM4J+xgRQcNcpRcbmfYjakCFP4WKPJpeEz1U5JEKHAtwv3ZBQketQUFhFU3ng==
  dependencies:
    esbuild "^0.12.8"
    postcss "^8.3.5"
    resolve "^1.20.0"
    rollup "^2.38.5"
  optionalDependencies:
    fsevents "~2.3.2"
